
Microsoft Visual Studio Solution File, Format Version 12.00
# Visual Studio Version 17
VisualStudioVersion = 17.0.31903.59
MinimumVisualStudioVersion = 10.0.40219.1
Project("{2150E333-8FDC-42A3-9474-1A3956D46DE8}") = "src", "src", "{82C23577-99C8-48E0-BBF4-A53DAD671828}"
EndProject
Project("{FAE04EC0-301F-11D3-BF4B-00C04F79EFBC}") = "ProjectAgil", "src\ProjectAgil\ProjectAgil.csproj", "{CD65822F-CD57-492E-B846-FCE1DAC64534}"
EndProject
Global
	GlobalSection(SolutionConfigurationPlatforms) = preSolution
		Debug|Any CPU = Debug|Any CPU
		Release|Any CPU = Release|Any CPU
	EndGlobalSection
	GlobalSection(SolutionProperties) = preSolution
		HideSolutionNode = FALSE
	EndGlobalSection
	GlobalSection(ProjectConfigurationPlatforms) = postSolution
		{CD65822F-CD57-492E-B846-FCE1DAC64534}.Debug|Any CPU.ActiveCfg = Debug|Any CPU
		{CD65822F-CD57-492E-B846-FCE1DAC64534}.Debug|Any CPU.Build.0 = Debug|Any CPU
		{CD65822F-CD57-492E-B846-FCE1DAC64534}.Release|Any CPU.ActiveCfg = Release|Any CPU
		{CD65822F-CD57-492E-B846-FCE1DAC64534}.Release|Any CPU.Build.0 = Release|Any CPU
	EndGlobalSection
	GlobalSection(NestedProjects) = preSolution
		{CD65822F-CD57-492E-B846-FCE1DAC64534} = {82C23577-99C8-48E0-BBF4-A53DAD671828}
	EndGlobalSection
EndGlobal
